<?xml version="1.0" encoding="utf-8"?>
<Project ToolsVersion="4.0" xmlns="http://schemas.microsoft.com/developer/msbuild/2003">
  <ItemGroup>
    <ClCompile Include="src\BiddingFacility.cpp" />
    <ClCompile Include="src\Continent.cpp" />
    <ClCompile Include="src\Country.cpp" />
    <ClCompile Include="src\Deck.cpp" />
    <ClCompile Include="src\Eight Minute Empire.cpp" />
    <ClCompile Include="src\GameLoop.cpp" />
    <ClCompile Include="src\Good .cpp" />
    <ClCompile Include="src\Hand.cpp" />
    <ClCompile Include="src\map.cpp" />
    <ClCompile Include="src\MapLoader.cpp" />
    <ClCompile Include="src\Observer.cpp" />
    <ClCompile Include="src\pch.cpp" />
    <ClCompile Include="src\PhaseObservable.cpp" />
    <ClCompile Include="src\PhaseObserver.cpp" />
    <ClCompile Include="src\Player.cpp" />
    <ClCompile Include="src\StatsObservable.cpp" />
    <ClCompile Include="src\StatsObserver.cpp" />
    <ClCompile Include="src\Subject.cpp" />
    <ClCompile Include="src\PlayerStrategies.cpp" />
    <ClCompile Include="src\Testers.cpp" />
    <ClCompile Include="src\Utils.cpp" />
    <ClCompile Include="src\Gamecard.cpp" />
  </ItemGroup>
  <ItemGroup>
    <ClInclude Include="src\Action.h" />
    <ClInclude Include="src\BiddingFacility.h" />
    <ClInclude Include="src\Continent.h" />
    <ClInclude Include="src\Country.h" />
    <ClInclude Include="src\Deck.h" />
    <ClInclude Include="src\GameLoop.h" />
    <ClInclude Include="src\Good.h" />
    <ClInclude Include="src\Hand.h" />
    <ClInclude Include="src\map.h" />
    <ClInclude Include="src\MapLoader.h" />
    <ClInclude Include="src\Observer.h" />
    <ClInclude Include="src\pch.h" />
    <ClInclude Include="src\PhaseObservable.h" />
    <ClInclude Include="src\PhaseObserver.h" />
    <ClInclude Include="src\Player.h" />
    <ClInclude Include="src\StatsObservable.h" />
    <ClInclude Include="src\StatsObserver.h" />
    <ClInclude Include="src\Subject.h" />
    <ClInclude Include="src\PlayerStrategies.h" />
    <ClInclude Include="src\Testers.h" />
    <ClInclude Include="src\Utils.h" />
    <ClInclude Include="src\Cardsfactory.h" />
  </ItemGroup>
  <ItemGroup>
    <None Include="Assets\badmap.EMEMAP" />
    <None Include="Assets\Deck.json" />
    <None Include="Assets\EmpireData.EMEMAP" />
    <None Include="Assets\EmpireData2.EMEMAP" />
  </ItemGroup>
</Project>